
Microsoft Visual Studio Solution File, Format Version 12.00
# Visual Studio Version 17
VisualStudioVersion = 17.0.31903.59
MinimumVisualStudioVersion = 10.0.40219.1
Project("{FAE04EC0-301F-11D3-BF4B-00C04F79EFBC}") = "API", "API\API.csproj", "{37500026-30DC-4F8C-83AC-0215EF31FC92}"
EndProject
Project("{FAE04EC0-301F-11D3-BF4B-00C04F79EFBC}") = "Application", "Application\Application.csproj", "{EDA112FA-F29E-4D01-892A-1E9DC22FDF07}"
EndProject
Project("{FAE04EC0-301F-11D3-BF4B-00C04F79EFBC}") = "Domain", "Domain\Domain.csproj", "{12754A7C-05ED-4DD6-9260-F1DFF1EF9FF1}"
EndProject
Project("{FAE04EC0-301F-11D3-BF4B-00C04F79EFBC}") = "Persistence", "Persistence\Persistence.csproj", "{46D7549A-AC0A-460C-B14F-0AACC42B3697}"
EndProject
Project("{FAE04EC0-301F-11D3-BF4B-00C04F79EFBC}") = "Infrastructure", "Infrastructure\Infrastructure.csproj", "{4A077B0E-50A3-4938-A50A-1363A38110F8}"
EndProject
Global
	GlobalSection(SolutionConfigurationPlatforms) = preSolution
		Debug|Any CPU = Debug|Any CPU
		Release|Any CPU = Release|Any CPU
	EndGlobalSection
	GlobalSection(SolutionProperties) = preSolution
		HideSolutionNode = FALSE
	EndGlobalSection
	GlobalSection(ProjectConfigurationPlatforms) = postSolution
		{37500026-30DC-4F8C-83AC-0215EF31FC92}.Debug|Any CPU.ActiveCfg = Debug|Any CPU
		{37500026-30DC-4F8C-83AC-0215EF31FC92}.Debug|Any CPU.Build.0 = Debug|Any CPU
		{37500026-30DC-4F8C-83AC-0215EF31FC92}.Release|Any CPU.ActiveCfg = Release|Any CPU
		{37500026-30DC-4F8C-83AC-0215EF31FC92}.Release|Any CPU.Build.0 = Release|Any CPU
		{EDA112FA-F29E-4D01-892A-1E9DC22FDF07}.Debug|Any CPU.ActiveCfg = Debug|Any CPU
		{EDA112FA-F29E-4D01-892A-1E9DC22FDF07}.Debug|Any CPU.Build.0 = Debug|Any CPU
		{EDA112FA-F29E-4D01-892A-1E9DC22FDF07}.Release|Any CPU.ActiveCfg = Release|Any CPU
		{EDA112FA-F29E-4D01-892A-1E9DC22FDF07}.Release|Any CPU.Build.0 = Release|Any CPU
		{12754A7C-05ED-4DD6-9260-F1DFF1EF9FF1}.Debug|Any CPU.ActiveCfg = Debug|Any CPU
		{12754A7C-05ED-4DD6-9260-F1DFF1EF9FF1}.Debug|Any CPU.Build.0 = Debug|Any CPU
		{12754A7C-05ED-4DD6-9260-F1DFF1EF9FF1}.Release|Any CPU.ActiveCfg = Release|Any CPU
		{12754A7C-05ED-4DD6-9260-F1DFF1EF9FF1}.Release|Any CPU.Build.0 = Release|Any CPU
		{46D7549A-AC0A-460C-B14F-0AACC42B3697}.Debug|Any CPU.ActiveCfg = Debug|Any CPU
		{46D7549A-AC0A-460C-B14F-0AACC42B3697}.Debug|Any CPU.Build.0 = Debug|Any CPU
		{46D7549A-AC0A-460C-B14F-0AACC42B3697}.Release|Any CPU.ActiveCfg = Release|Any CPU
		{46D7549A-AC0A-460C-B14F-0AACC42B3697}.Release|Any CPU.Build.0 = Release|Any CPU
		{4A077B0E-50A3-4938-A50A-1363A38110F8}.Debug|Any CPU.ActiveCfg = Debug|Any CPU
		{4A077B0E-50A3-4938-A50A-1363A38110F8}.Debug|Any CPU.Build.0 = Debug|Any CPU
		{4A077B0E-50A3-4938-A50A-1363A38110F8}.Release|Any CPU.ActiveCfg = Release|Any CPU
		{4A077B0E-50A3-4938-A50A-1363A38110F8}.Release|Any CPU.Build.0 = Release|Any CPU
	EndGlobalSection
EndGlobal
